// !$*UTF8*$!
{
	archiveVersion = 1;
	classes = {
	};
	objectVersion = 77;
	objects = {

/* Begin PBXBuildFile section */
		602E2C5B2ECBFFEA009CEC19 /* JWTKit in Frameworks */ = {isa = PBXBuildFile; productRef = 602E2C5A2ECBFFEA009CEC19 /* JWTKit */; };
		60C80DF62EC2857B00090352 /* SuperwallKit in Frameworks */ = {isa = PBXBuildFile; productRef = 60C80DF52EC2857B00090352 /* SuperwallKit */; };
		60D0C0012F2A5B120044D7C0 /* Supabase in Frameworks */ = {isa = PBXBuildFile; productRef = 60D0C0022F2A5B120044D7C0 /* Supabase */; };
		60F9E6DF2ECBB6EB00B85991 /* Auth in Frameworks */ = {isa = PBXBuildFile; productRef = 60F9E6DE2ECBB6EB00B85991 /* Auth */; };
		60F9E6E12ECBB6EB00B85991 /* Functions in Frameworks */ = {isa = PBXBuildFile; productRef = 60F9E6E02ECBB6EB00B85991 /* Functions */; };
		60F9E6E32ECBB6EB00B85991 /* PostgREST in Frameworks */ = {isa = PBXBuildFile; productRef = 60F9E6E22ECBB6EB00B85991 /* PostgREST */; };
		60F9E6E52ECBB6EB00B85991 /* Realtime in Frameworks */ = {isa = PBXBuildFile; productRef = 60F9E6E42ECBB6EB00B85991 /* Realtime */; };
		60F9E6E72ECBB6EB00B85991 /* Storage in Frameworks */ = {isa = PBXBuildFile; productRef = 60F9E6E62ECBB6EB00B85991 /* Storage */; };
		60F9E7642ECBE39C00B85991 /* ElevenLabs in Frameworks */ = {isa = PBXBuildFile; productRef = 60F9E7632ECBE39C00B85991 /* ElevenLabs */; };
		60F9E7672ECBE71200B85991 /* LiveKit in Frameworks */ = {isa = PBXBuildFile; productRef = 60F9E7662ECBE71200B85991 /* LiveKit */; };
/* End PBXBuildFile section */

/* Begin PBXFileReference section */
		60FFAB1E2EC221610044D7C0 /* Prime.app */ = {isa = PBXFileReference; explicitFileType = wrapper.application; includeInIndex = 0; path = Prime.app; sourceTree = BUILT_PRODUCTS_DIR; };
/* End PBXFileReference section */

/* Begin PBXFileSystemSynchronizedBuildFileExceptionSet section */
		60FFAB992EC221610044D7C0 /* Exceptions for "prime" folder in "Prime" target */ = {
			isa = PBXFileSystemSynchronizedBuildFileExceptionSet;
			membershipExceptions = (
				Info.plist,
			);
			target = 60FFAB1D2EC221610044D7C0 /* Prime */;
		};
/* End PBXFileSystemSynchronizedBuildFileExceptionSet section */

/* Begin PBXFileSystemSynchronizedRootGroup section */
		60FFAB202EC221610044D7C0 /* prime */ = {
			isa = PBXFileSystemSynchronizedRootGroup;
			exceptions = (
				60FFAB992EC221610044D7C0 /* Exceptions for "prime" folder in "Prime" target */,
			);
			path = prime;
			sourceTree = "<group>";
		};
/* End PBXFileSystemSynchronizedRootGroup section */

/* Begin PBXFrameworksBuildPhase section */
		60FFAB1B2EC221610044D7C0 /* Frameworks */ = {
			isa = PBXFrameworksBuildPhase;
			buildActionMask = 2147483647;
			files = (
				60C80DF62EC2857B00090352 /* SuperwallKit in Frameworks */,
				60D0C0012F2A5B120044D7C0 /* Supabase in Frameworks */,
				60F9E6E72ECBB6EB00B85991 /* Storage in Frameworks */,
				60F9E7642ECBE39C00B85991 /* ElevenLabs in Frameworks */,
				60F9E6E12ECBB6EB00B85991 /* Functions in Frameworks */,
				602E2C5B2ECBFFEA009CEC19 /* JWTKit in Frameworks */,
				60F9E6E52ECBB6EB00B85991 /* Realtime in Frameworks */,
				60F9E7672ECBE71200B85991 /* LiveKit in Frameworks */,
				60F9E6DF2ECBB6EB00B85991 /* Auth in Frameworks */,
				60F9E6E32ECBB6EB00B85991 /* PostgREST in Frameworks */,
			);
			runOnlyForDeploymentPostprocessing = 0;
		};
/* End PBXFrameworksBuildPhase section */

/* Begin PBXGroup section */
		60FFAB152EC221610044D7C0 = {
			isa = PBXGroup;
			children = (
				60FFAB202EC221610044D7C0 /* prime */,
				60FFAB1F2EC221610044D7C0 /* Products */,
			);
			sourceTree = "<group>";
		};
		60FFAB1F2EC221610044D7C0 /* Products */ = {
			isa = PBXGroup;
			children = (
				60FFAB1E2EC221610044D7C0 /* Prime.app */,
			);
			name = Products;
			sourceTree = "<group>";
		};
/* End PBXGroup section */

/* Begin PBXNativeTarget section */
		60FFAB1D2EC221610044D7C0 /* Prime */ = {
			isa = PBXNativeTarget;
			buildConfigurationList = 60FFAB292EC221620044D7C0 /* Build configuration list for PBXNativeTarget "Prime" */;
			buildPhases = (
				60FFAB1A2EC221610044D7C0 /* Sources */,
				60FFAB1B2EC221610044D7C0 /* Frameworks */,
				60FFAB1C2EC221610044D7C0 /* Resources */,
			);
			buildRules = (
			);
			dependencies = (
			);
			fileSystemSynchronizedGroups = (
				60FFAB202EC221610044D7C0 /* prime */,
			);
			name = Prime;
			packageProductDependencies = (
				60C80DF52EC2857B00090352 /* SuperwallKit */,
				60D0C0022F2A5B120044D7C0 /* Supabase */,
				60F9E6DE2ECBB6EB00B85991 /* Auth */,
				60F9E6E02ECBB6EB00B85991 /* Functions */,
				60F9E6E22ECBB6EB00B85991 /* PostgREST */,
				60F9E6E42ECBB6EB00B85991 /* Realtime */,
				60F9E6E62ECBB6EB00B85991 /* Storage */,
				60F9E7632ECBE39C00B85991 /* ElevenLabs */,
				60F9E7662ECBE71200B85991 /* LiveKit */,
				602E2C5A2ECBFFEA009CEC19 /* JWTKit */,
			);
			productName = prime;
			productReference = 60FFAB1E2EC221610044D7C0 /* Prime.app */;
			productType = "com.apple.product-type.application";
		};
/* End PBXNativeTarget section */

/* Begin PBXProject section */
		60FFAB162EC221610044D7C0 /* Project object */ = {
			isa = PBXProject;
			attributes = {
				BuildIndependentTargetsInParallel = 1;
				LastSwiftUpdateCheck = 2610;
				LastUpgradeCheck = 2610;
				TargetAttributes = {
					60FFAB1D2EC221610044D7C0 = {
						CreatedOnToolsVersion = 26.1;
					};
				};
			};
			buildConfigurationList = 60FFAB192EC221610044D7C0 /* Build configuration list for PBXProject "Prime" */;
			developmentRegion = en;
			hasScannedForEncodings = 0;
			knownRegions = (
				en,
				Base,
			);
			mainGroup = 60FFAB152EC221610044D7C0;
			minimizedProjectReferenceProxies = 1;
			packageReferences = (
				60C80DF42EC2857A00090352 /* XCRemoteSwiftPackageReference "Superwall-iOS" */,
				60D0C0032F2A5B120044D7C0 /* XCRemoteSwiftPackageReference "supabase-swift" */,
				60F9E7622ECBE39C00B85991 /* XCRemoteSwiftPackageReference "elevenlabs-swift-sdk" */,
				60F9E7652ECBE71200B85991 /* XCRemoteSwiftPackageReference "client-sdk-swift" */,
				602E2C592ECBFFEA009CEC19 /* XCRemoteSwiftPackageReference "jwt-kit" */,
			);
			preferredProjectObjectVersion = 77;
			productRefGroup = 60FFAB1F2EC221610044D7C0 /* Products */;
			projectDirPath = "";
			projectRoot = "";
			targets = (
				60FFAB1D2EC221610044D7C0 /* Prime */,
			);
		};
/* End PBXProject section */

/* Begin PBXResourcesBuildPhase section */
		60FFAB1C2EC221610044D7C0 /* Resources */ = {
			isa = PBXResourcesBuildPhase;
			buildActionMask = 2147483647;
			files = (
			);
			runOnlyForDeploymentPostprocessing = 0;
		};
/* End PBXResourcesBuildPhase section */

/* Begin PBXSourcesBuildPhase section */
		60FFAB1A2EC221610044D7C0 /* Sources */ = {
			isa = PBXSourcesBuildPhase;
			buildActionMask = 2147483647;
			files = (
			);
			runOnlyForDeploymentPostprocessing = 0;
		};
/* End PBXSourcesBuildPhase section */

/* Begin XCBuildConfiguration section */
		60FFAB272EC221620044D7C0 /* Debug */ = {
			isa = XCBuildConfiguration;
			buildSettings = {
				ALWAYS_SEARCH_USER_PATHS = NO;
				ASSETCATALOG_COMPILER_GENERATE_SWIFT_ASSET_SYMBOL_EXTENSIONS = YES;
				CLANG_ANALYZER_NONNULL = YES;
				CLANG_ANALYZER_NUMBER_OBJECT_CONVERSION = YES_AGGRESSIVE;
				CLANG_CXX_LANGUAGE_STANDARD = "gnu++20";
				CLANG_ENABLE_MODULES = YES;
				CLANG_ENABLE_OBJC_ARC = YES;
				CLANG_ENABLE_OBJC_WEAK = YES;
				CLANG_WARN_BLOCK_CAPTURE_AUTORELEASING = YES;
				CLANG_WARN_BOOL_CONVERSION = YES;
				CLANG_WARN_COMMA = YES;
				CLANG_WARN_CONSTANT_CONVERSION = YES;
				CLANG_WARN_DEPRECATED_OBJC_IMPLEMENTATIONS = YES;
				CLANG_WARN_DIRECT_OBJC_ISA_USAGE = YES_ERROR;
				CLANG_WARN_DOCUMENTATION_COMMENTS = YES;
				CLANG_WARN_EMPTY_BODY = YES;
				CLANG_WARN_ENUM_CONVERSION = YES;
				CLANG_WARN_INFINITE_RECURSION = YES;
				CLANG_WARN_INT_CONVERSION = YES;
				CLANG_WARN_NON_LITERAL_NULL_CONVERSION = YES;
				CLANG_WARN_OBJC_IMPLICIT_RETAIN_SELF = YES;
				CLANG_WARN_OBJC_LITERAL_CONVERSION = YES;
				CLANG_WARN_OBJC_ROOT_CLASS = YES_ERROR;
				CLANG_WARN_QUOTED_INCLUDE_IN_FRAMEWORK_HEADER = YES;
				CLANG_WARN_RANGE_LOOP_ANALYSIS = YES;
				CLANG_WARN_STRICT_PROTOTYPES = YES;
				CLANG_WARN_SUSPICIOUS_MOVE = YES;
				CLANG_WARN_UNGUARDED_AVAILABILITY = YES_AGGRESSIVE;
				CLANG_WARN_UNREACHABLE_CODE = YES;
				CLANG_WARN__DUPLICATE_METHOD_MATCH = YES;
				COPY_PHASE_STRIP = NO;
				DEBUG_INFORMATION_FORMAT = dwarf;
				DEVELOPMENT_TEAM = 877972R7T7;
				ELEVENLABS_AGENT_ID = agent_2601ka9xkvjge6vswgmh8av21061;
				ELEVENLABS_API_KEY = sk_1dcb0ba695289957f8096a9cb2725bf53ad32ec8ef5bf23b;
				ELEVENLABS_VOICE_ID = Fahco4VZzobUeiPqni1S;
				ENABLE_STRICT_OBJC_MSGSEND = YES;
				ENABLE_TESTABILITY = YES;
				ENABLE_USER_SCRIPT_SANDBOXING = YES;
				GCC_C_LANGUAGE_STANDARD = gnu17;
				GCC_DYNAMIC_NO_PIC = NO;
				GCC_NO_COMMON_BLOCKS = YES;
				GCC_OPTIMIZATION_LEVEL = 0;
				GCC_PREPROCESSOR_DEFINITIONS = (
					"DEBUG=1",
					"$(inherited)",
				);
				GCC_WARN_64_TO_32_BIT_CONVERSION = YES;
				GCC_WARN_ABOUT_RETURN_TYPE = YES_ERROR;
				GCC_WARN_UNDECLARED_SELECTOR = YES;
				GCC_WARN_UNINITIALIZED_AUTOS = YES_AGGRESSIVE;
				GCC_WARN_UNUSED_FUNCTION = YES;
				GCC_WARN_UNUSED_VARIABLE = YES;
				IPHONEOS_DEPLOYMENT_TARGET = 26.1;
				LOCALIZATION_PREFERS_STRING_CATALOGS = YES;
				MTL_ENABLE_DEBUG_INFO = INCLUDE_SOURCE;
				MTL_FAST_MATH = YES;
				ONLY_ACTIVE_ARCH = YES;
				SDKROOT = iphoneos;
				STRING_CATALOG_GENERATE_SYMBOLS = YES;
				SUPABASE_ANON_KEY = sb_publishable_ACJWlzQHlZjBrEguHvfOxg_3BJgxAaH;
				SUPABASE_URL = "http://192.168.50.17:54321";
				SWIFT_ACTIVE_COMPILATION_CONDITIONS = "DEBUG $(inherited)";
				SWIFT_OPTIMIZATION_LEVEL = "-Onone";
			};
			name = Debug;
		};
		60FFAB282EC221620044D7C0 /* Release */ = {
			isa = XCBuildConfiguration;
			buildSettings = {
				ALWAYS_SEARCH_USER_PATHS = NO;
				ASSETCATALOG_COMPILER_GENERATE_SWIFT_ASSET_SYMBOL_EXTENSIONS = YES;
				CLANG_ANALYZER_NONNULL = YES;
				CLANG_ANALYZER_NUMBER_OBJECT_CONVERSION = YES_AGGRESSIVE;
				CLANG_CXX_LANGUAGE_STANDARD = "gnu++20";
				CLANG_ENABLE_MODULES = YES;
				CLANG_ENABLE_OBJC_ARC = YES;
				CLANG_ENABLE_OBJC_WEAK = YES;
				CLANG_WARN_BLOCK_CAPTURE_AUTORELEASING = YES;
				CLANG_WARN_BOOL_CONVERSION = YES;
				CLANG_WARN_COMMA = YES;
				CLANG_WARN_CONSTANT_CONVERSION = YES;
				CLANG_WARN_DEPRECATED_OBJC_IMPLEMENTATIONS = YES;
				CLANG_WARN_DIRECT_OBJC_ISA_USAGE = YES_ERROR;
				CLANG_WARN_DOCUMENTATION_COMMENTS = YES;
				CLANG_WARN_EMPTY_BODY = YES;
				CLANG_WARN_ENUM_CONVERSION = YES;
				CLANG_WARN_INFINITE_RECURSION = YES;
				CLANG_WARN_INT_CONVERSION = YES;
				CLANG_WARN_NON_LITERAL_NULL_CONVERSION = YES;
				CLANG_WARN_OBJC_IMPLICIT_RETAIN_SELF = YES;
				CLANG_WARN_OBJC_LITERAL_CONVERSION = YES;
				CLANG_WARN_OBJC_ROOT_CLASS = YES_ERROR;
				CLANG_WARN_QUOTED_INCLUDE_IN_FRAMEWORK_HEADER = YES;
				CLANG_WARN_RANGE_LOOP_ANALYSIS = YES;
				CLANG_WARN_STRICT_PROTOTYPES = YES;
				CLANG_WARN_SUSPICIOUS_MOVE = YES;
				CLANG_WARN_UNGUARDED_AVAILABILITY = YES_AGGRESSIVE;
				CLANG_WARN_UNREACHABLE_CODE = YES;
				CLANG_WARN__DUPLICATE_METHOD_MATCH = YES;
				COPY_PHASE_STRIP = NO;
				DEBUG_INFORMATION_FORMAT = "dwarf-with-dsym";
				DEVELOPMENT_TEAM = 877972R7T7;
				ELEVENLABS_AGENT_ID = agent_2601ka9xkvjge6vswgmh8av21061;
				ELEVENLABS_API_KEY = sk_1dcb0ba695289957f8096a9cb2725bf53ad32ec8ef5bf23b;
				ELEVENLABS_VOICE_ID = Fahco4VZzobUeiPqni1S;
				ENABLE_NS_ASSERTIONS = NO;
				ENABLE_STRICT_OBJC_MSGSEND = YES;
				ENABLE_USER_SCRIPT_SANDBOXING = YES;
				GCC_C_LANGUAGE_STANDARD = gnu17;
				GCC_NO_COMMON_BLOCKS = YES;
				GCC_WARN_64_TO_32_BIT_CONVERSION = YES;
				GCC_WARN_ABOUT_RETURN_TYPE = YES_ERROR;
				GCC_WARN_UNDECLARED_SELECTOR = YES;
				GCC_WARN_UNINITIALIZED_AUTOS = YES_AGGRESSIVE;
				GCC_WARN_UNUSED_FUNCTION = YES;
				GCC_WARN_UNUSED_VARIABLE = YES;
				IPHONEOS_DEPLOYMENT_TARGET = 26.1;
				LOCALIZATION_PREFERS_STRING_CATALOGS = YES;
				MTL_ENABLE_DEBUG_INFO = NO;
				MTL_FAST_MATH = YES;
				SDKROOT = iphoneos;
				STRING_CATALOG_GENERATE_SYMBOLS = YES;
				SUPABASE_ANON_KEY = sb_publishable_ACJWlzQHlZjBrEguHvfOxg_3BJgxAaH;
				SUPABASE_URL = "http://192.168.50.17:54321";
				SWIFT_COMPILATION_MODE = wholemodule;
				VALIDATE_PRODUCT = YES;
			};
			name = Release;
		};
		60FFAB2A2EC221620044D7C0 /* Debug */ = {
			isa = XCBuildConfiguration;
			buildSettings = {
				ASSETCATALOG_COMPILER_APPICON_NAME = AppIcon;
				ASSETCATALOG_COMPILER_GLOBAL_ACCENT_COLOR_NAME = AccentColor;
				CODE_SIGN_ENTITLEMENTS = prime/prime.entitlements;
				CODE_SIGN_STYLE = Automatic;
				CURRENT_PROJECT_VERSION = 1;
				DEVELOPMENT_TEAM = 23AKMXVMF4;
				ENABLE_PREVIEWS = YES;
				GENERATE_INFOPLIST_FILE = YES;
				INFOPLIST_FILE = prime/Info.plist;
				INFOPLIST_KEY_CFBundleDisplayName = Prime;
				INFOPLIST_KEY_ITSAppUsesNonExemptEncryption = NO;
				INFOPLIST_KEY_NSCameraUsageDescription = "prime needs camera access to capture photos for your Golden Hour practice reflections.";
				INFOPLIST_KEY_NSMicrophoneUsageDescription = "prime needs microphone access to record audio reflections during your Golden Hour practice.";
				INFOPLIST_KEY_NSPhotoLibraryUsageDescription = "prime needs photo libray access to upload your goals during Golden Hour practice.";
				INFOPLIST_KEY_UIApplicationSceneManifest_Generation = YES;
				INFOPLIST_KEY_UIApplicationSupportsIndirectInputEvents = YES;
				INFOPLIST_KEY_UILaunchScreen_Generation = YES;
				INFOPLIST_KEY_UISupportedInterfaceOrientations_iPad = "UIInterfaceOrientationPortrait UIInterfaceOrientationPortraitUpsideDown UIInterfaceOrientationLandscapeLeft UIInterfaceOrientationLandscapeRight";
				INFOPLIST_KEY_UISupportedInterfaceOrientations_iPhone = "UIInterfaceOrientationPortrait UIInterfaceOrientationLandscapeLeft UIInterfaceOrientationLandscapeRight";
				IPHONEOS_DEPLOYMENT_TARGET = 17.6;
				LD_RUNPATH_SEARCH_PATHS = (
					"$(inherited)",
					"@executable_path/Frameworks",
				);
				MARKETING_VERSION = 1.0;
				PRODUCT_BUNDLE_IDENTIFIER = com.daytwo.wealthiq;
				PRODUCT_NAME = "$(TARGET_NAME)";
				STRING_CATALOG_GENERATE_SYMBOLS = YES;
				SUPPORTED_PLATFORMS = "iphoneos iphonesimulator";
				SUPPORTS_MACCATALYST = NO;
				SUPPORTS_MAC_DESIGNED_FOR_IPHONE_IPAD = NO;
				SUPPORTS_XR_DESIGNED_FOR_IPHONE_IPAD = NO;
				SWIFT_APPROACHABLE_CONCURRENCY = YES;
				SWIFT_DEFAULT_ACTOR_ISOLATION = MainActor;
				SWIFT_EMIT_LOC_STRINGS = YES;
				SWIFT_UPCOMING_FEATURE_MEMBER_IMPORT_VISIBILITY = YES;
				SWIFT_VERSION = 5.0;
				TARGETED_DEVICE_FAMILY = 1;
			};
			name = Debug;
		};
		60FFAB2B2EC221620044D7C0 /* Release */ = {
			isa = XCBuildConfiguration;
			buildSettings = {
				ASSETCATALOG_COMPILER_APPICON_NAME = AppIcon;
				ASSETCATALOG_COMPILER_GLOBAL_ACCENT_COLOR_NAME = AccentColor;
				CODE_SIGN_ENTITLEMENTS = prime/prime.entitlements;
				CODE_SIGN_STYLE = Automatic;
				CURRENT_PROJECT_VERSION = 1;
				DEVELOPMENT_TEAM = 23AKMXVMF4;
				ENABLE_PREVIEWS = YES;
				GENERATE_INFOPLIST_FILE = YES;
				INFOPLIST_FILE = prime/Info.plist;
				INFOPLIST_KEY_CFBundleDisplayName = Prime;
				INFOPLIST_KEY_ITSAppUsesNonExemptEncryption = NO;
				INFOPLIST_KEY_NSCameraUsageDescription = "prime needs camera access to capture photos for your Golden Hour practice reflections.";
				INFOPLIST_KEY_NSMicrophoneUsageDescription = "prime needs microphone access to record audio reflections during your Golden Hour practice.";
				INFOPLIST_KEY_NSPhotoLibraryUsageDescription = "prime needs photo libray access to upload your goals during Golden Hour practice.";
				INFOPLIST_KEY_UIApplicationSceneManifest_Generation = YES;
				INFOPLIST_KEY_UIApplicationSupportsIndirectInputEvents = YES;
				INFOPLIST_KEY_UILaunchScreen_Generation = YES;
				INFOPLIST_KEY_UISupportedInterfaceOrientations_iPad = "UIInterfaceOrientationPortrait UIInterfaceOrientationPortraitUpsideDown UIInterfaceOrientationLandscapeLeft UIInterfaceOrientationLandscapeRight";
				INFOPLIST_KEY_UISupportedInterfaceOrientations_iPhone = "UIInterfaceOrientationPortrait UIInterfaceOrientationLandscapeLeft UIInterfaceOrientationLandscapeRight";
				IPHONEOS_DEPLOYMENT_TARGET = 17.6;
				LD_RUNPATH_SEARCH_PATHS = (
					"$(inherited)",
					"@executable_path/Frameworks",
				);
				MARKETING_VERSION = 1.0;
				PRODUCT_BUNDLE_IDENTIFIER = com.daytwo.wealthiq;
				PRODUCT_NAME = "$(TARGET_NAME)";
				STRING_CATALOG_GENERATE_SYMBOLS = YES;
				SUPPORTED_PLATFORMS = "iphoneos iphonesimulator";
				SUPPORTS_MACCATALYST = NO;
				SUPPORTS_MAC_DESIGNED_FOR_IPHONE_IPAD = NO;
				SUPPORTS_XR_DESIGNED_FOR_IPHONE_IPAD = NO;
				SWIFT_APPROACHABLE_CONCURRENCY = YES;
				SWIFT_DEFAULT_ACTOR_ISOLATION = MainActor;
				SWIFT_EMIT_LOC_STRINGS = YES;
				SWIFT_UPCOMING_FEATURE_MEMBER_IMPORT_VISIBILITY = YES;
				SWIFT_VERSION = 5.0;
				TARGETED_DEVICE_FAMILY = 1;
			};
			name = Release;
		};
/* End XCBuildConfiguration section */

/* Begin XCConfigurationList section */
		60FFAB192EC221610044D7C0 /* Build configuration list for PBXProject "Prime" */ = {
			isa = XCConfigurationList;
			buildConfigurations = (
				60FFAB272EC221620044D7C0 /* Debug */,
				60FFAB282EC221620044D7C0 /* Release */,
			);
			defaultConfigurationIsVisible = 0;
			defaultConfigurationName = Release;
		};
		60FFAB292EC221620044D7C0 /* Build configuration list for PBXNativeTarget "Prime" */ = {
			isa = XCConfigurationList;
			buildConfigurations = (
				60FFAB2A2EC221620044D7C0 /* Debug */,
				60FFAB2B2EC221620044D7C0 /* Release */,
			);
			defaultConfigurationIsVisible = 0;
			defaultConfigurationName = Release;
		};
/* End XCConfigurationList section */

/* Begin XCRemoteSwiftPackageReference section */
		602E2C592ECBFFEA009CEC19 /* XCRemoteSwiftPackageReference "jwt-kit" */ = {
			isa = XCRemoteSwiftPackageReference;
			repositoryURL = "https://github.com/vapor/jwt-kit";
			requirement = {
				kind = upToNextMajorVersion;
				minimumVersion = 5.3.0;
			};
		};
		60C80DF42EC2857A00090352 /* XCRemoteSwiftPackageReference "Superwall-iOS" */ = {
			isa = XCRemoteSwiftPackageReference;
			repositoryURL = "https://github.com/superwall/Superwall-iOS";
			requirement = {
				kind = upToNextMajorVersion;
				minimumVersion = 4.10.0;
			};
		};
		60D0C0032F2A5B120044D7C0 /* XCRemoteSwiftPackageReference "supabase-swift" */ = {
			isa = XCRemoteSwiftPackageReference;
			repositoryURL = "https://github.com/supabase-community/supabase-swift";
			requirement = {
				kind = upToNextMajorVersion;
				minimumVersion = 2.0.0;
			};
		};
		60F9E7622ECBE39C00B85991 /* XCRemoteSwiftPackageReference "elevenlabs-swift-sdk" */ = {
			isa = XCRemoteSwiftPackageReference;
			repositoryURL = "https://github.com/elevenlabs/elevenlabs-swift-sdk.git";
			requirement = {
				kind = upToNextMajorVersion;
				minimumVersion = 2.0.0;
			};
		};
		60F9E7652ECBE71200B85991 /* XCRemoteSwiftPackageReference "client-sdk-swift" */ = {
			isa = XCRemoteSwiftPackageReference;
			repositoryURL = "https://github.com/livekit/client-sdk-swift";
			requirement = {
				kind = exactVersion;
				version = 2.6.1;
			};
		};
/* End XCRemoteSwiftPackageReference section */

/* Begin XCSwiftPackageProductDependency section */
		602E2C5A2ECBFFEA009CEC19 /* JWTKit */ = {
			isa = XCSwiftPackageProductDependency;
			package = 602E2C592ECBFFEA009CEC19 /* XCRemoteSwiftPackageReference "jwt-kit" */;
			productName = JWTKit;
		};
		60C80DF52EC2857B00090352 /* SuperwallKit */ = {
			isa = XCSwiftPackageProductDependency;
			package = 60C80DF42EC2857A00090352 /* XCRemoteSwiftPackageReference "Superwall-iOS" */;
			productName = SuperwallKit;
		};
		60D0C0022F2A5B120044D7C0 /* Supabase */ = {
			isa = XCSwiftPackageProductDependency;
			package = 60D0C0032F2A5B120044D7C0 /* XCRemoteSwiftPackageReference "supabase-swift" */;
			productName = Supabase;
		};
		60F9E6DE2ECBB6EB00B85991 /* Auth */ = {
			isa = XCSwiftPackageProductDependency;
			productName = Auth;
		};
		60F9E6E02ECBB6EB00B85991 /* Functions */ = {
			isa = XCSwiftPackageProductDependency;
			productName = Functions;
		};
		60F9E6E22ECBB6EB00B85991 /* PostgREST */ = {
			isa = XCSwiftPackageProductDependency;
			productName = PostgREST;
		};
		60F9E6E42ECBB6EB00B85991 /* Realtime */ = {
			isa = XCSwiftPackageProductDependency;
			productName = Realtime;
		};
		60F9E6E62ECBB6EB00B85991 /* Storage */ = {
			isa = XCSwiftPackageProductDependency;
			productName = Storage;
		};
		60F9E7632ECBE39C00B85991 /* ElevenLabs */ = {
			isa = XCSwiftPackageProductDependency;
			package = 60F9E7622ECBE39C00B85991 /* XCRemoteSwiftPackageReference "elevenlabs-swift-sdk" */;
			productName = ElevenLabs;
		};
		60F9E7662ECBE71200B85991 /* LiveKit */ = {
			isa = XCSwiftPackageProductDependency;
			package = 60F9E7652ECBE71200B85991 /* XCRemoteSwiftPackageReference "client-sdk-swift" */;
			productName = LiveKit;
		};
/* End XCSwiftPackageProductDependency section */
	};
	rootObject = 60FFAB162EC221610044D7C0 /* Project object */;
}
